
Microsoft Visual Studio Solution File, Format Version 12.00
# Visual Studio Version 17
VisualStudioVersion = 17.7.34202.233
MinimumVisualStudioVersion = 10.0.40219.1
Project("{9A19103F-16F7-4668-BE54-9A1E7A4F7556}") = "Lokata.DesktopUI", "DesktopUI\Lokata.DesktopUI.csproj", "{1E0DCCE6-72F6-4E06-A920-3CBF541041D8}"
EndProject
Project("{9A19103F-16F7-4668-BE54-9A1E7A4F7556}") = "Lokata.Domain", "Lokata.Domain\Lokata.Domain.csproj", "{09CBE9D3-2B2E-4920-832F-BF92DE09C433}"
EndProject
Project("{9A19103F-16F7-4668-BE54-9A1E7A4F7556}") = "Lokata.DataAccess", "Lokata.DataAccess\Lokata.DataAccess.csproj", "{67ACA893-5EAC-4049-9DA5-CF4DEFC8924C}"
EndProject
Project("{9A19103F-16F7-4668-BE54-9A1E7A4F7556}") = "Lokata.Web", "Lokata.Web\Lokata.Web.csproj", "{36507DED-0336-4194-B7DF-3A740D36223B}"
EndProject
Project("{9A19103F-16F7-4668-BE54-9A1E7A4F7556}") = "Lokata.WebApi", "Lokata.WebApi\Lokata.WebApi.csproj", "{D7C27DA0-1133-4572-8217-43F5130222E7}"
EndProject
Project("{9A19103F-16F7-4668-BE54-9A1E7A4F7556}") = "Lokata.Utils", "Lokata.Utils\Lokata.Utils.csproj", "{15C8342B-2185-440A-91BE-2DD5F18A01D9}"
EndProject
Project("{9A19103F-16F7-4668-BE54-9A1E7A4F7556}") = "Lokata.DataService", "Lokata.DataService\Lokata.DataService.csproj", "{7624C531-C9A8-4B15-899A-9943876042C7}"
EndProject
Project("{9A19103F-16F7-4668-BE54-9A1E7A4F7556}") = "Lokata.MobileUI", "Lokata.MobileUI\Lokata.MobileUI.csproj", "{C29A3E7C-353F-412E-AB29-4A811267E97E}"
EndProject
Project("{FAE04EC0-301F-11D3-BF4B-00C04F79EFBC}") = "Lokata.Mobile.Legacy.UWP", "Lokata.Mobile.Legacy\Lokata.Mobile.Legacy.UWP\Lokata.Mobile.Legacy.UWP.csproj", "{51C40361-380A-4C27-8472-980457D7BF21}"
EndProject
Project("{FAE04EC0-301F-11D3-BF4B-00C04F79EFBC}") = "Lokata.Mobile.Legacy.Android", "Lokata.Mobile.Legacy\Lokata.Mobile.Legacy.Android\Lokata.Mobile.Legacy.Android.csproj", "{2FAE56DB-8BA0-4FEB-839A-203E1836D394}"
EndProject
Project("{FAE04EC0-301F-11D3-BF4B-00C04F79EFBC}") = "Lokata.Mobile.Legacy.iOS", "Lokata.Mobile.Legacy\Lokata.Mobile.Legacy.iOS\Lokata.Mobile.Legacy.iOS.csproj", "{56B556EA-216C-4FB4-9140-6B4FC98EDD89}"
EndProject
Project("{9A19103F-16F7-4668-BE54-9A1E7A4F7556}") = "Lokata.Mobile.Legacy", "Lokata.Mobile.Legacy\Lokata.Mobile.Legacy\Lokata.Mobile.Legacy.csproj", "{3B830FE0-EFB1-4654-AD99-A639BD4FD20D}"
EndProject
Project("{9A19103F-16F7-4668-BE54-9A1E7A4F7556}") = "Lokata.Tools", "Lokata.Tools\Lokata.Tools.csproj", "{CF8FF202-867C-4CD5-B52D-61A1C0967B40}"
EndProject
Project("{FAE04EC0-301F-11D3-BF4B-00C04F79EFBC}") = "Lokata.Refit", "Lokata.Refit\Lokata.Refit.csproj", "{31D9AC8F-4D81-41E5-9E93-D3CF534429A3}"
EndProject
Global
	GlobalSection(SolutionConfigurationPlatforms) = preSolution
		Debug|Any CPU = Debug|Any CPU
		Debug|ARM = Debug|ARM
		Debug|iPhone = Debug|iPhone
		Debug|iPhoneSimulator = Debug|iPhoneSimulator
		Debug|x64 = Debug|x64
		Debug|x86 = Debug|x86
		Release|Any CPU = Release|Any CPU
		Release|ARM = Release|ARM
		Release|iPhone = Release|iPhone
		Release|iPhoneSimulator = Release|iPhoneSimulator
		Release|x64 = Release|x64
		Release|x86 = Release|x86
	EndGlobalSection
	GlobalSection(ProjectConfigurationPlatforms) = postSolution
		{1E0DCCE6-72F6-4E06-A920-3CBF541041D8}.Debug|Any CPU.ActiveCfg = Debug|Any CPU
		{1E0DCCE6-72F6-4E06-A920-3CBF541041D8}.Debug|Any CPU.Build.0 = Debug|Any CPU
		{1E0DCCE6-72F6-4E06-A920-3CBF541041D8}.Debug|ARM.ActiveCfg = Debug|Any CPU
		{1E0DCCE6-72F6-4E06-A920-3CBF541041D8}.Debug|ARM.Build.0 = Debug|Any CPU
		{1E0DCCE6-72F6-4E06-A920-3CBF541041D8}.Debug|iPhone.ActiveCfg = Debug|Any CPU
		{1E0DCCE6-72F6-4E06-A920-3CBF541041D8}.Debug|iPhone.Build.0 = Debug|Any CPU
		{1E0DCCE6-72F6-4E06-A920-3CBF541041D8}.Debug|iPhoneSimulator.ActiveCfg = Debug|Any CPU
		{1E0DCCE6-72F6-4E06-A920-3CBF541041D8}.Debug|iPhoneSimulator.Build.0 = Debug|Any CPU
		{1E0DCCE6-72F6-4E06-A920-3CBF541041D8}.Debug|x64.ActiveCfg = Debug|Any CPU
		{1E0DCCE6-72F6-4E06-A920-3CBF541041D8}.Debug|x64.Build.0 = Debug|Any CPU
		{1E0DCCE6-72F6-4E06-A920-3CBF541041D8}.Debug|x86.ActiveCfg = Debug|Any CPU
		{1E0DCCE6-72F6-4E06-A920-3CBF541041D8}.Debug|x86.Build.0 = Debug|Any CPU
		{1E0DCCE6-72F6-4E06-A920-3CBF541041D8}.Release|Any CPU.ActiveCfg = Release|Any CPU
		{1E0DCCE6-72F6-4E06-A920-3CBF541041D8}.Release|Any CPU.Build.0 = Release|Any CPU
		{1E0DCCE6-72F6-4E06-A920-3CBF541041D8}.Release|ARM.ActiveCfg = Release|Any CPU
		{1E0DCCE6-72F6-4E06-A920-3CBF541041D8}.Release|ARM.Build.0 = Release|Any CPU
		{1E0DCCE6-72F6-4E06-A920-3CBF541041D8}.Release|iPhone.ActiveCfg = Release|Any CPU
		{1E0DCCE6-72F6-4E06-A920-3CBF541041D8}.Release|iPhone.Build.0 = Release|Any CPU
		{1E0DCCE6-72F6-4E06-A920-3CBF541041D8}.Release|iPhoneSimulator.ActiveCfg = Release|Any CPU
		{1E0DCCE6-72F6-4E06-A920-3CBF541041D8}.Release|iPhoneSimulator.Build.0 = Release|Any CPU
		{1E0DCCE6-72F6-4E06-A920-3CBF541041D8}.Release|x64.ActiveCfg = Release|Any CPU
		{1E0DCCE6-72F6-4E06-A920-3CBF541041D8}.Release|x64.Build.0 = Release|Any CPU
		{1E0DCCE6-72F6-4E06-A920-3CBF541041D8}.Release|x86.ActiveCfg = Release|Any CPU
		{1E0DCCE6-72F6-4E06-A920-3CBF541041D8}.Release|x86.Build.0 = Release|Any CPU
		{09CBE9D3-2B2E-4920-832F-BF92DE09C433}.Debug|Any CPU.ActiveCfg = Debug|Any CPU
		{09CBE9D3-2B2E-4920-832F-BF92DE09C433}.Debug|Any CPU.Build.0 = Debug|Any CPU
		{09CBE9D3-2B2E-4920-832F-BF92DE09C433}.Debug|ARM.ActiveCfg = Debug|Any CPU
		{09CBE9D3-2B2E-4920-832F-BF92DE09C433}.Debug|ARM.Build.0 = Debug|Any CPU
		{09CBE9D3-2B2E-4920-832F-BF92DE09C433}.Debug|iPhone.ActiveCfg = Debug|Any CPU
		{09CBE9D3-2B2E-4920-832F-BF92DE09C433}.Debug|iPhone.Build.0 = Debug|Any CPU
		{09CBE9D3-2B2E-4920-832F-BF92DE09C433}.Debug|iPhoneSimulator.ActiveCfg = Debug|Any CPU
		{09CBE9D3-2B2E-4920-832F-BF92DE09C433}.Debug|iPhoneSimulator.Build.0 = Debug|Any CPU
		{09CBE9D3-2B2E-4920-832F-BF92DE09C433}.Debug|x64.ActiveCfg = Debug|Any CPU
		{09CBE9D3-2B2E-4920-832F-BF92DE09C433}.Debug|x64.Build.0 = Debug|Any CPU
		{09CBE9D3-2B2E-4920-832F-BF92DE09C433}.Debug|x86.ActiveCfg = Debug|Any CPU
		{09CBE9D3-2B2E-4920-832F-BF92DE09C433}.Debug|x86.Build.0 = Debug|Any CPU
		{09CBE9D3-2B2E-4920-832F-BF92DE09C433}.Release|Any CPU.ActiveCfg = Release|Any CPU
		{09CBE9D3-2B2E-4920-832F-BF92DE09C433}.Release|Any CPU.Build.0 = Release|Any CPU
		{09CBE9D3-2B2E-4920-832F-BF92DE09C433}.Release|ARM.ActiveCfg = Release|Any CPU
		{09CBE9D3-2B2E-4920-832F-BF92DE09C433}.Release|ARM.Build.0 = Release|Any CPU
		{09CBE9D3-2B2E-4920-832F-BF92DE09C433}.Release|iPhone.ActiveCfg = Release|Any CPU
		{09CBE9D3-2B2E-4920-832F-BF92DE09C433}.Release|iPhone.Build.0 = Release|Any CPU
		{09CBE9D3-2B2E-4920-832F-BF92DE09C433}.Release|iPhoneSimulator.ActiveCfg = Release|Any CPU
		{09CBE9D3-2B2E-4920-832F-BF92DE09C433}.Release|iPhoneSimulator.Build.0 = Release|Any CPU
		{09CBE9D3-2B2E-4920-832F-BF92DE09C433}.Release|x64.ActiveCfg = Release|Any CPU
		{09CBE9D3-2B2E-4920-832F-BF92DE09C433}.Release|x64.Build.0 = Release|Any CPU
		{09CBE9D3-2B2E-4920-832F-BF92DE09C433}.Release|x86.ActiveCfg = Release|Any CPU
		{09CBE9D3-2B2E-4920-832F-BF92DE09C433}.Release|x86.Build.0 = Release|Any CPU
		{67ACA893-5EAC-4049-9DA5-CF4DEFC8924C}.Debug|Any CPU.ActiveCfg = Debug|Any CPU
		{67ACA893-5EAC-4049-9DA5-CF4DEFC8924C}.Debug|Any CPU.Build.0 = Debug|Any CPU
		{67ACA893-5EAC-4049-9DA5-CF4DEFC8924C}.Debug|ARM.ActiveCfg = Debug|Any CPU
		{67ACA893-5EAC-4049-9DA5-CF4DEFC8924C}.Debug|ARM.Build.0 = Debug|Any CPU
		{67ACA893-5EAC-4049-9DA5-CF4DEFC8924C}.Debug|iPhone.ActiveCfg = Debug|Any CPU
		{67ACA893-5EAC-4049-9DA5-CF4DEFC8924C}.Debug|iPhone.Build.0 = Debug|Any CPU
		{67ACA893-5EAC-4049-9DA5-CF4DEFC8924C}.Debug|iPhoneSimulator.ActiveCfg = Debug|Any CPU
		{67ACA893-5EAC-4049-9DA5-CF4DEFC8924C}.Debug|iPhoneSimulator.Build.0 = Debug|Any CPU
		{67ACA893-5EAC-4049-9DA5-CF4DEFC8924C}.Debug|x64.ActiveCfg = Debug|Any CPU
		{67ACA893-5EAC-4049-9DA5-CF4DEFC8924C}.Debug|x64.Build.0 = Debug|Any CPU
		{67ACA893-5EAC-4049-9DA5-CF4DEFC8924C}.Debug|x86.ActiveCfg = Debug|Any CPU
		{67ACA893-5EAC-4049-9DA5-CF4DEFC8924C}.Debug|x86.Build.0 = Debug|Any CPU
		{67ACA893-5EAC-4049-9DA5-CF4DEFC8924C}.Release|Any CPU.ActiveCfg = Release|Any CPU
		{67ACA893-5EAC-4049-9DA5-CF4DEFC8924C}.Release|Any CPU.Build.0 = Release|Any CPU
		{67ACA893-5EAC-4049-9DA5-CF4DEFC8924C}.Release|ARM.ActiveCfg = Release|Any CPU
		{67ACA893-5EAC-4049-9DA5-CF4DEFC8924C}.Release|ARM.Build.0 = Release|Any CPU
		{67ACA893-5EAC-4049-9DA5-CF4DEFC8924C}.Release|iPhone.ActiveCfg = Release|Any CPU
		{67ACA893-5EAC-4049-9DA5-CF4DEFC8924C}.Release|iPhone.Build.0 = Release|Any CPU
		{67ACA893-5EAC-4049-9DA5-CF4DEFC8924C}.Release|iPhoneSimulator.ActiveCfg = Release|Any CPU
		{67ACA893-5EAC-4049-9DA5-CF4DEFC8924C}.Release|iPhoneSimulator.Build.0 = Release|Any CPU
		{67ACA893-5EAC-4049-9DA5-CF4DEFC8924C}.Release|x64.ActiveCfg = Release|Any CPU
		{67ACA893-5EAC-4049-9DA5-CF4DEFC8924C}.Release|x64.Build.0 = Release|Any CPU
		{67ACA893-5EAC-4049-9DA5-CF4DEFC8924C}.Release|x86.ActiveCfg = Release|Any CPU
		{67ACA893-5EAC-4049-9DA5-CF4DEFC8924C}.Release|x86.Build.0 = Release|Any CPU
		{36507DED-0336-4194-B7DF-3A740D36223B}.Debug|Any CPU.ActiveCfg = Debug|Any CPU
		{36507DED-0336-4194-B7DF-3A740D36223B}.Debug|Any CPU.Build.0 = Debug|Any CPU
		{36507DED-0336-4194-B7DF-3A740D36223B}.Debug|ARM.ActiveCfg = Debug|Any CPU
		{36507DED-0336-4194-B7DF-3A740D36223B}.Debug|ARM.Build.0 = Debug|Any CPU
		{36507DED-0336-4194-B7DF-3A740D36223B}.Debug|iPhone.ActiveCfg = Debug|Any CPU
		{36507DED-0336-4194-B7DF-3A740D36223B}.Debug|iPhone.Build.0 = Debug|Any CPU
		{36507DED-0336-4194-B7DF-3A740D36223B}.Debug|iPhoneSimulator.ActiveCfg = Debug|Any CPU
		{36507DED-0336-4194-B7DF-3A740D36223B}.Debug|iPhoneSimulator.Build.0 = Debug|Any CPU
		{36507DED-0336-4194-B7DF-3A740D36223B}.Debug|x64.ActiveCfg = Debug|Any CPU
		{36507DED-0336-4194-B7DF-3A740D36223B}.Debug|x64.Build.0 = Debug|Any CPU
		{36507DED-0336-4194-B7DF-3A740D36223B}.Debug|x86.ActiveCfg = Debug|Any CPU
		{36507DED-0336-4194-B7DF-3A740D36223B}.Debug|x86.Build.0 = Debug|Any CPU
		{36507DED-0336-4194-B7DF-3A740D36223B}.Release|Any CPU.ActiveCfg = Release|Any CPU
		{36507DED-0336-4194-B7DF-3A740D36223B}.Release|Any CPU.Build.0 = Release|Any CPU
		{36507DED-0336-4194-B7DF-3A740D36223B}.Release|ARM.ActiveCfg = Release|Any CPU
		{36507DED-0336-4194-B7DF-3A740D36223B}.Release|ARM.Build.0 = Release|Any CPU
		{36507DED-0336-4194-B7DF-3A740D36223B}.Release|iPhone.ActiveCfg = Release|Any CPU
		{36507DED-0336-4194-B7DF-3A740D36223B}.Release|iPhone.Build.0 = Release|Any CPU
		{36507DED-0336-4194-B7DF-3A740D36223B}.Release|iPhoneSimulator.ActiveCfg = Release|Any CPU
		{36507DED-0336-4194-B7DF-3A740D36223B}.Release|iPhoneSimulator.Build.0 = Release|Any CPU
		{36507DED-0336-4194-B7DF-3A740D36223B}.Release|x64.ActiveCfg = Release|Any CPU
		{36507DED-0336-4194-B7DF-3A740D36223B}.Release|x64.Build.0 = Release|Any CPU
		{36507DED-0336-4194-B7DF-3A740D36223B}.Release|x86.ActiveCfg = Release|Any CPU
		{36507DED-0336-4194-B7DF-3A740D36223B}.Release|x86.Build.0 = Release|Any CPU
		{D7C27DA0-1133-4572-8217-43F5130222E7}.Debug|Any CPU.ActiveCfg = Debug|Any CPU
		{D7C27DA0-1133-4572-8217-43F5130222E7}.Debug|Any CPU.Build.0 = Debug|Any CPU
		{D7C27DA0-1133-4572-8217-43F5130222E7}.Debug|ARM.ActiveCfg = Debug|Any CPU
		{D7C27DA0-1133-4572-8217-43F5130222E7}.Debug|ARM.Build.0 = Debug|Any CPU
		{D7C27DA0-1133-4572-8217-43F5130222E7}.Debug|iPhone.ActiveCfg = Debug|Any CPU
		{D7C27DA0-1133-4572-8217-43F5130222E7}.Debug|iPhone.Build.0 = Debug|Any CPU
		{D7C27DA0-1133-4572-8217-43F5130222E7}.Debug|iPhoneSimulator.ActiveCfg = Debug|Any CPU
		{D7C27DA0-1133-4572-8217-43F5130222E7}.Debug|iPhoneSimulator.Build.0 = Debug|Any CPU
		{D7C27DA0-1133-4572-8217-43F5130222E7}.Debug|x64.ActiveCfg = Debug|Any CPU
		{D7C27DA0-1133-4572-8217-43F5130222E7}.Debug|x64.Build.0 = Debug|Any CPU
		{D7C27DA0-1133-4572-8217-43F5130222E7}.Debug|x86.ActiveCfg = Debug|Any CPU
		{D7C27DA0-1133-4572-8217-43F5130222E7}.Debug|x86.Build.0 = Debug|Any CPU
		{D7C27DA0-1133-4572-8217-43F5130222E7}.Release|Any CPU.ActiveCfg = Release|Any CPU
		{D7C27DA0-1133-4572-8217-43F5130222E7}.Release|Any CPU.Build.0 = Release|Any CPU
		{D7C27DA0-1133-4572-8217-43F5130222E7}.Release|ARM.ActiveCfg = Release|Any CPU
		{D7C27DA0-1133-4572-8217-43F5130222E7}.Release|ARM.Build.0 = Release|Any CPU
		{D7C27DA0-1133-4572-8217-43F5130222E7}.Release|iPhone.ActiveCfg = Release|Any CPU
		{D7C27DA0-1133-4572-8217-43F5130222E7}.Release|iPhone.Build.0 = Release|Any CPU
		{D7C27DA0-1133-4572-8217-43F5130222E7}.Release|iPhoneSimulator.ActiveCfg = Release|Any CPU
		{D7C27DA0-1133-4572-8217-43F5130222E7}.Release|iPhoneSimulator.Build.0 = Release|Any CPU
		{D7C27DA0-1133-4572-8217-43F5130222E7}.Release|x64.ActiveCfg = Release|Any CPU
		{D7C27DA0-1133-4572-8217-43F5130222E7}.Release|x64.Build.0 = Release|Any CPU
		{D7C27DA0-1133-4572-8217-43F5130222E7}.Release|x86.ActiveCfg = Release|Any CPU
		{D7C27DA0-1133-4572-8217-43F5130222E7}.Release|x86.Build.0 = Release|Any CPU
		{15C8342B-2185-440A-91BE-2DD5F18A01D9}.Debug|Any CPU.ActiveCfg = Debug|Any CPU
		{15C8342B-2185-440A-91BE-2DD5F18A01D9}.Debug|Any CPU.Build.0 = Debug|Any CPU
		{15C8342B-2185-440A-91BE-2DD5F18A01D9}.Debug|ARM.ActiveCfg = Debug|Any CPU
		{15C8342B-2185-440A-91BE-2DD5F18A01D9}.Debug|ARM.Build.0 = Debug|Any CPU
		{15C8342B-2185-440A-91BE-2DD5F18A01D9}.Debug|iPhone.ActiveCfg = Debug|Any CPU
		{15C8342B-2185-440A-91BE-2DD5F18A01D9}.Debug|iPhone.Build.0 = Debug|Any CPU
		{15C8342B-2185-440A-91BE-2DD5F18A01D9}.Debug|iPhoneSimulator.ActiveCfg = Debug|Any CPU
		{15C8342B-2185-440A-91BE-2DD5F18A01D9}.Debug|iPhoneSimulator.Build.0 = Debug|Any CPU
		{15C8342B-2185-440A-91BE-2DD5F18A01D9}.Debug|x64.ActiveCfg = Debug|Any CPU
		{15C8342B-2185-440A-91BE-2DD5F18A01D9}.Debug|x64.Build.0 = Debug|Any CPU
		{15C8342B-2185-440A-91BE-2DD5F18A01D9}.Debug|x86.ActiveCfg = Debug|Any CPU
		{15C8342B-2185-440A-91BE-2DD5F18A01D9}.Debug|x86.Build.0 = Debug|Any CPU
		{15C8342B-2185-440A-91BE-2DD5F18A01D9}.Release|Any CPU.ActiveCfg = Release|Any CPU
		{15C8342B-2185-440A-91BE-2DD5F18A01D9}.Release|Any CPU.Build.0 = Release|Any CPU
		{15C8342B-2185-440A-91BE-2DD5F18A01D9}.Release|ARM.ActiveCfg = Release|Any CPU
		{15C8342B-2185-440A-91BE-2DD5F18A01D9}.Release|ARM.Build.0 = Release|Any CPU
		{15C8342B-2185-440A-91BE-2DD5F18A01D9}.Release|iPhone.ActiveCfg = Release|Any CPU
		{15C8342B-2185-440A-91BE-2DD5F18A01D9}.Release|iPhone.Build.0 = Release|Any CPU
		{15C8342B-2185-440A-91BE-2DD5F18A01D9}.Release|iPhoneSimulator.ActiveCfg = Release|Any CPU
		{15C8342B-2185-440A-91BE-2DD5F18A01D9}.Release|iPhoneSimulator.Build.0 = Release|Any CPU
		{15C8342B-2185-440A-91BE-2DD5F18A01D9}.Release|x64.ActiveCfg = Release|Any CPU
		{15C8342B-2185-440A-91BE-2DD5F18A01D9}.Release|x64.Build.0 = Release|Any CPU
		{15C8342B-2185-440A-91BE-2DD5F18A01D9}.Release|x86.ActiveCfg = Release|Any CPU
		{15C8342B-2185-440A-91BE-2DD5F18A01D9}.Release|x86.Build.0 = Release|Any CPU
		{7624C531-C9A8-4B15-899A-9943876042C7}.Debug|Any CPU.ActiveCfg = Debug|Any CPU
		{7624C531-C9A8-4B15-899A-9943876042C7}.Debug|Any CPU.Build.0 = Debug|Any CPU
		{7624C531-C9A8-4B15-899A-9943876042C7}.Debug|ARM.ActiveCfg = Debug|Any CPU
		{7624C531-C9A8-4B15-899A-9943876042C7}.Debug|ARM.Build.0 = Debug|Any CPU
		{7624C531-C9A8-4B15-899A-9943876042C7}.Debug|iPhone.ActiveCfg = Debug|Any CPU
		{7624C531-C9A8-4B15-899A-9943876042C7}.Debug|iPhone.Build.0 = Debug|Any CPU
		{7624C531-C9A8-4B15-899A-9943876042C7}.Debug|iPhoneSimulator.ActiveCfg = Debug|Any CPU
		{7624C531-C9A8-4B15-899A-9943876042C7}.Debug|iPhoneSimulator.Build.0 = Debug|Any CPU
		{7624C531-C9A8-4B15-899A-9943876042C7}.Debug|x64.ActiveCfg = Debug|Any CPU
		{7624C531-C9A8-4B15-899A-9943876042C7}.Debug|x64.Build.0 = Debug|Any CPU
		{7624C531-C9A8-4B15-899A-9943876042C7}.Debug|x86.ActiveCfg = Debug|Any CPU
		{7624C531-C9A8-4B15-899A-9943876042C7}.Debug|x86.Build.0 = Debug|Any CPU
		{7624C531-C9A8-4B15-899A-9943876042C7}.Release|Any CPU.ActiveCfg = Release|Any CPU
		{7624C531-C9A8-4B15-899A-9943876042C7}.Release|Any CPU.Build.0 = Release|Any CPU
		{7624C531-C9A8-4B15-899A-9943876042C7}.Release|ARM.ActiveCfg = Release|Any CPU
		{7624C531-C9A8-4B15-899A-9943876042C7}.Release|ARM.Build.0 = Release|Any CPU
		{7624C531-C9A8-4B15-899A-9943876042C7}.Release|iPhone.ActiveCfg = Release|Any CPU
		{7624C531-C9A8-4B15-899A-9943876042C7}.Release|iPhone.Build.0 = Release|Any CPU
		{7624C531-C9A8-4B15-899A-9943876042C7}.Release|iPhoneSimulator.ActiveCfg = Release|Any CPU
		{7624C531-C9A8-4B15-899A-9943876042C7}.Release|iPhoneSimulator.Build.0 = Release|Any CPU
		{7624C531-C9A8-4B15-899A-9943876042C7}.Release|x64.ActiveCfg = Release|Any CPU
		{7624C531-C9A8-4B15-899A-9943876042C7}.Release|x64.Build.0 = Release|Any CPU
		{7624C531-C9A8-4B15-899A-9943876042C7}.Release|x86.ActiveCfg = Release|Any CPU
		{7624C531-C9A8-4B15-899A-9943876042C7}.Release|x86.Build.0 = Release|Any CPU
		{C29A3E7C-353F-412E-AB29-4A811267E97E}.Debug|Any CPU.ActiveCfg = Debug|Any CPU
		{C29A3E7C-353F-412E-AB29-4A811267E97E}.Debug|Any CPU.Build.0 = Debug|Any CPU
		{C29A3E7C-353F-412E-AB29-4A811267E97E}.Debug|Any CPU.Deploy.0 = Debug|Any CPU
		{C29A3E7C-353F-412E-AB29-4A811267E97E}.Debug|ARM.ActiveCfg = Debug|Any CPU
		{C29A3E7C-353F-412E-AB29-4A811267E97E}.Debug|ARM.Build.0 = Debug|Any CPU
		{C29A3E7C-353F-412E-AB29-4A811267E97E}.Debug|ARM.Deploy.0 = Debug|Any CPU
		{C29A3E7C-353F-412E-AB29-4A811267E97E}.Debug|iPhone.ActiveCfg = Debug|Any CPU
		{C29A3E7C-353F-412E-AB29-4A811267E97E}.Debug|iPhone.Build.0 = Debug|Any CPU
		{C29A3E7C-353F-412E-AB29-4A811267E97E}.Debug|iPhone.Deploy.0 = Debug|Any CPU
		{C29A3E7C-353F-412E-AB29-4A811267E97E}.Debug|iPhoneSimulator.ActiveCfg = Debug|Any CPU
		{C29A3E7C-353F-412E-AB29-4A811267E97E}.Debug|iPhoneSimulator.Build.0 = Debug|Any CPU
		{C29A3E7C-353F-412E-AB29-4A811267E97E}.Debug|iPhoneSimulator.Deploy.0 = Debug|Any CPU
		{C29A3E7C-353F-412E-AB29-4A811267E97E}.Debug|x64.ActiveCfg = Debug|Any CPU
		{C29A3E7C-353F-412E-AB29-4A811267E97E}.Debug|x64.Build.0 = Debug|Any CPU
		{C29A3E7C-353F-412E-AB29-4A811267E97E}.Debug|x64.Deploy.0 = Debug|Any CPU
		{C29A3E7C-353F-412E-AB29-4A811267E97E}.Debug|x86.ActiveCfg = Debug|Any CPU
		{C29A3E7C-353F-412E-AB29-4A811267E97E}.Debug|x86.Build.0 = Debug|Any CPU
		{C29A3E7C-353F-412E-AB29-4A811267E97E}.Debug|x86.Deploy.0 = Debug|Any CPU
		{C29A3E7C-353F-412E-AB29-4A811267E97E}.Release|Any CPU.ActiveCfg = Release|Any CPU
		{C29A3E7C-353F-412E-AB29-4A811267E97E}.Release|Any CPU.Build.0 = Release|Any CPU
		{C29A3E7C-353F-412E-AB29-4A811267E97E}.Release|Any CPU.Deploy.0 = Release|Any CPU
		{C29A3E7C-353F-412E-AB29-4A811267E97E}.Release|ARM.ActiveCfg = Release|Any CPU
		{C29A3E7C-353F-412E-AB29-4A811267E97E}.Release|ARM.Build.0 = Release|Any CPU
		{C29A3E7C-353F-412E-AB29-4A811267E97E}.Release|ARM.Deploy.0 = Release|Any CPU
		{C29A3E7C-353F-412E-AB29-4A811267E97E}.Release|iPhone.ActiveCfg = Release|Any CPU
		{C29A3E7C-353F-412E-AB29-4A811267E97E}.Release|iPhone.Build.0 = Release|Any CPU
		{C29A3E7C-353F-412E-AB29-4A811267E97E}.Release|iPhone.Deploy.0 = Release|Any CPU
		{C29A3E7C-353F-412E-AB29-4A811267E97E}.Release|iPhoneSimulator.ActiveCfg = Release|Any CPU
		{C29A3E7C-353F-412E-AB29-4A811267E97E}.Release|iPhoneSimulator.Build.0 = Release|Any CPU
		{C29A3E7C-353F-412E-AB29-4A811267E97E}.Release|iPhoneSimulator.Deploy.0 = Release|Any CPU
		{C29A3E7C-353F-412E-AB29-4A811267E97E}.Release|x64.ActiveCfg = Release|Any CPU
		{C29A3E7C-353F-412E-AB29-4A811267E97E}.Release|x64.Build.0 = Release|Any CPU
		{C29A3E7C-353F-412E-AB29-4A811267E97E}.Release|x64.Deploy.0 = Release|Any CPU
		{C29A3E7C-353F-412E-AB29-4A811267E97E}.Release|x86.ActiveCfg = Release|Any CPU
		{C29A3E7C-353F-412E-AB29-4A811267E97E}.Release|x86.Build.0 = Release|Any CPU
		{C29A3E7C-353F-412E-AB29-4A811267E97E}.Release|x86.Deploy.0 = Release|Any CPU
		{51C40361-380A-4C27-8472-980457D7BF21}.Debug|Any CPU.ActiveCfg = Debug|x64
		{51C40361-380A-4C27-8472-980457D7BF21}.Debug|Any CPU.Build.0 = Debug|x64
		{51C40361-380A-4C27-8472-980457D7BF21}.Debug|Any CPU.Deploy.0 = Debug|x64
		{51C40361-380A-4C27-8472-980457D7BF21}.Debug|ARM.ActiveCfg = Debug|ARM
		{51C40361-380A-4C27-8472-980457D7BF21}.Debug|ARM.Build.0 = Debug|ARM
		{51C40361-380A-4C27-8472-980457D7BF21}.Debug|ARM.Deploy.0 = Debug|ARM
		{51C40361-380A-4C27-8472-980457D7BF21}.Debug|iPhone.ActiveCfg = Debug|x64
		{51C40361-380A-4C27-8472-980457D7BF21}.Debug|iPhone.Build.0 = Debug|x64
		{51C40361-380A-4C27-8472-980457D7BF21}.Debug|iPhone.Deploy.0 = Debug|x64
		{51C40361-380A-4C27-8472-980457D7BF21}.Debug|iPhoneSimulator.ActiveCfg = Debug|x64
		{51C40361-380A-4C27-8472-980457D7BF21}.Debug|iPhoneSimulator.Build.0 = Debug|x64
		{51C40361-380A-4C27-8472-980457D7BF21}.Debug|iPhoneSimulator.Deploy.0 = Debug|x64
		{51C40361-380A-4C27-8472-980457D7BF21}.Debug|x64.ActiveCfg = Debug|x64
		{51C40361-380A-4C27-8472-980457D7BF21}.Debug|x64.Build.0 = Debug|x64
		{51C40361-380A-4C27-8472-980457D7BF21}.Debug|x64.Deploy.0 = Debug|x64
		{51C40361-380A-4C27-8472-980457D7BF21}.Debug|x86.ActiveCfg = Debug|x86
		{51C40361-380A-4C27-8472-980457D7BF21}.Debug|x86.Build.0 = Debug|x86
		{51C40361-380A-4C27-8472-980457D7BF21}.Debug|x86.Deploy.0 = Debug|x86
		{51C40361-380A-4C27-8472-980457D7BF21}.Release|Any CPU.ActiveCfg = Release|x64
		{51C40361-380A-4C27-8472-980457D7BF21}.Release|Any CPU.Build.0 = Release|x64
		{51C40361-380A-4C27-8472-980457D7BF21}.Release|Any CPU.Deploy.0 = Release|x64
		{51C40361-380A-4C27-8472-980457D7BF21}.Release|ARM.ActiveCfg = Release|ARM
		{51C40361-380A-4C27-8472-980457D7BF21}.Release|ARM.Build.0 = Release|ARM
		{51C40361-380A-4C27-8472-980457D7BF21}.Release|ARM.Deploy.0 = Release|ARM
		{51C40361-380A-4C27-8472-980457D7BF21}.Release|iPhone.ActiveCfg = Release|x64
		{51C40361-380A-4C27-8472-980457D7BF21}.Release|iPhone.Build.0 = Release|x64
		{51C40361-380A-4C27-8472-980457D7BF21}.Release|iPhone.Deploy.0 = Release|x64
		{51C40361-380A-4C27-8472-980457D7BF21}.Release|iPhoneSimulator.ActiveCfg = Release|x64
		{51C40361-380A-4C27-8472-980457D7BF21}.Release|iPhoneSimulator.Build.0 = Release|x64
		{51C40361-380A-4C27-8472-980457D7BF21}.Release|iPhoneSimulator.Deploy.0 = Release|x64
		{51C40361-380A-4C27-8472-980457D7BF21}.Release|x64.ActiveCfg = Release|x64
		{51C40361-380A-4C27-8472-980457D7BF21}.Release|x64.Build.0 = Release|x64
		{51C40361-380A-4C27-8472-980457D7BF21}.Release|x64.Deploy.0 = Release|x64
		{51C40361-380A-4C27-8472-980457D7BF21}.Release|x86.ActiveCfg = Release|x86
		{51C40361-380A-4C27-8472-980457D7BF21}.Release|x86.Build.0 = Release|x86
		{51C40361-380A-4C27-8472-980457D7BF21}.Release|x86.Deploy.0 = Release|x86
		{2FAE56DB-8BA0-4FEB-839A-203E1836D394}.Debug|Any CPU.ActiveCfg = Debug|Any CPU
		{2FAE56DB-8BA0-4FEB-839A-203E1836D394}.Debug|Any CPU.Build.0 = Debug|Any CPU
		{2FAE56DB-8BA0-4FEB-839A-203E1836D394}.Debug|Any CPU.Deploy.0 = Debug|Any CPU
		{2FAE56DB-8BA0-4FEB-839A-203E1836D394}.Debug|ARM.ActiveCfg = Debug|Any CPU
		{2FAE56DB-8BA0-4FEB-839A-203E1836D394}.Debug|ARM.Build.0 = Debug|Any CPU
		{2FAE56DB-8BA0-4FEB-839A-203E1836D394}.Debug|ARM.Deploy.0 = Debug|Any CPU
		{2FAE56DB-8BA0-4FEB-839A-203E1836D394}.Debug|iPhone.ActiveCfg = Debug|Any CPU
		{2FAE56DB-8BA0-4FEB-839A-203E1836D394}.Debug|iPhone.Build.0 = Debug|Any CPU
		{2FAE56DB-8BA0-4FEB-839A-203E1836D394}.Debug|iPhone.Deploy.0 = Debug|Any CPU
		{2FAE56DB-8BA0-4FEB-839A-203E1836D394}.Debug|iPhoneSimulator.ActiveCfg = Debug|Any CPU
		{2FAE56DB-8BA0-4FEB-839A-203E1836D394}.Debug|iPhoneSimulator.Build.0 = Debug|Any CPU
		{2FAE56DB-8BA0-4FEB-839A-203E1836D394}.Debug|iPhoneSimulator.Deploy.0 = Debug|Any CPU
		{2FAE56DB-8BA0-4FEB-839A-203E1836D394}.Debug|x64.ActiveCfg = Debug|Any CPU
		{2FAE56DB-8BA0-4FEB-839A-203E1836D394}.Debug|x64.Build.0 = Debug|Any CPU
		{2FAE56DB-8BA0-4FEB-839A-203E1836D394}.Debug|x64.Deploy.0 = Debug|Any CPU
		{2FAE56DB-8BA0-4FEB-839A-203E1836D394}.Debug|x86.ActiveCfg = Debug|Any CPU
		{2FAE56DB-8BA0-4FEB-839A-203E1836D394}.Debug|x86.Build.0 = Debug|Any CPU
		{2FAE56DB-8BA0-4FEB-839A-203E1836D394}.Debug|x86.Deploy.0 = Debug|Any CPU
		{2FAE56DB-8BA0-4FEB-839A-203E1836D394}.Release|Any CPU.ActiveCfg = Release|Any CPU
		{2FAE56DB-8BA0-4FEB-839A-203E1836D394}.Release|Any CPU.Build.0 = Release|Any CPU
		{2FAE56DB-8BA0-4FEB-839A-203E1836D394}.Release|Any CPU.Deploy.0 = Release|Any CPU
		{2FAE56DB-8BA0-4FEB-839A-203E1836D394}.Release|ARM.ActiveCfg = Release|Any CPU
		{2FAE56DB-8BA0-4FEB-839A-203E1836D394}.Release|ARM.Build.0 = Release|Any CPU
		{2FAE56DB-8BA0-4FEB-839A-203E1836D394}.Release|ARM.Deploy.0 = Release|Any CPU
		{2FAE56DB-8BA0-4FEB-839A-203E1836D394}.Release|iPhone.ActiveCfg = Release|Any CPU
		{2FAE56DB-8BA0-4FEB-839A-203E1836D394}.Release|iPhone.Build.0 = Release|Any CPU
		{2FAE56DB-8BA0-4FEB-839A-203E1836D394}.Release|iPhone.Deploy.0 = Release|Any CPU
		{2FAE56DB-8BA0-4FEB-839A-203E1836D394}.Release|iPhoneSimulator.ActiveCfg = Release|Any CPU
		{2FAE56DB-8BA0-4FEB-839A-203E1836D394}.Release|iPhoneSimulator.Build.0 = Release|Any CPU
		{2FAE56DB-8BA0-4FEB-839A-203E1836D394}.Release|iPhoneSimulator.Deploy.0 = Release|Any CPU
		{2FAE56DB-8BA0-4FEB-839A-203E1836D394}.Release|x64.ActiveCfg = Release|Any CPU
		{2FAE56DB-8BA0-4FEB-839A-203E1836D394}.Release|x64.Build.0 = Release|Any CPU
		{2FAE56DB-8BA0-4FEB-839A-203E1836D394}.Release|x64.Deploy.0 = Release|Any CPU
		{2FAE56DB-8BA0-4FEB-839A-203E1836D394}.Release|x86.ActiveCfg = Release|Any CPU
		{2FAE56DB-8BA0-4FEB-839A-203E1836D394}.Release|x86.Build.0 = Release|Any CPU
		{2FAE56DB-8BA0-4FEB-839A-203E1836D394}.Release|x86.Deploy.0 = Release|Any CPU
		{56B556EA-216C-4FB4-9140-6B4FC98EDD89}.Debug|Any CPU.ActiveCfg = Debug|iPhoneSimulator
		{56B556EA-216C-4FB4-9140-6B4FC98EDD89}.Debug|Any CPU.Build.0 = Debug|iPhoneSimulator
		{56B556EA-216C-4FB4-9140-6B4FC98EDD89}.Debug|ARM.ActiveCfg = Debug|iPhoneSimulator
		{56B556EA-216C-4FB4-9140-6B4FC98EDD89}.Debug|ARM.Build.0 = Debug|iPhoneSimulator
		{56B556EA-216C-4FB4-9140-6B4FC98EDD89}.Debug|iPhone.ActiveCfg = Debug|iPhone
		{56B556EA-216C-4FB4-9140-6B4FC98EDD89}.Debug|iPhone.Build.0 = Debug|iPhone
		{56B556EA-216C-4FB4-9140-6B4FC98EDD89}.Debug|iPhoneSimulator.ActiveCfg = Debug|iPhoneSimulator
		{56B556EA-216C-4FB4-9140-6B4FC98EDD89}.Debug|iPhoneSimulator.Build.0 = Debug|iPhoneSimulator
		{56B556EA-216C-4FB4-9140-6B4FC98EDD89}.Debug|x64.ActiveCfg = Debug|iPhoneSimulator
		{56B556EA-216C-4FB4-9140-6B4FC98EDD89}.Debug|x64.Build.0 = Debug|iPhoneSimulator
		{56B556EA-216C-4FB4-9140-6B4FC98EDD89}.Debug|x86.ActiveCfg = Debug|iPhoneSimulator
		{56B556EA-216C-4FB4-9140-6B4FC98EDD89}.Debug|x86.Build.0 = Debug|iPhoneSimulator
		{56B556EA-216C-4FB4-9140-6B4FC98EDD89}.Release|Any CPU.ActiveCfg = Release|iPhoneSimulator
		{56B556EA-216C-4FB4-9140-6B4FC98EDD89}.Release|Any CPU.Build.0 = Release|iPhoneSimulator
		{56B556EA-216C-4FB4-9140-6B4FC98EDD89}.Release|ARM.ActiveCfg = Release|iPhoneSimulator
		{56B556EA-216C-4FB4-9140-6B4FC98EDD89}.Release|ARM.Build.0 = Release|iPhoneSimulator
		{56B556EA-216C-4FB4-9140-6B4FC98EDD89}.Release|iPhone.ActiveCfg = Release|iPhone
		{56B556EA-216C-4FB4-9140-6B4FC98EDD89}.Release|iPhone.Build.0 = Release|iPhone
		{56B556EA-216C-4FB4-9140-6B4FC98EDD89}.Release|iPhoneSimulator.ActiveCfg = Release|iPhoneSimulator
		{56B556EA-216C-4FB4-9140-6B4FC98EDD89}.Release|iPhoneSimulator.Build.0 = Release|iPhoneSimulator
		{56B556EA-216C-4FB4-9140-6B4FC98EDD89}.Release|x64.ActiveCfg = Release|iPhoneSimulator
		{56B556EA-216C-4FB4-9140-6B4FC98EDD89}.Release|x64.Build.0 = Release|iPhoneSimulator
		{56B556EA-216C-4FB4-9140-6B4FC98EDD89}.Release|x86.ActiveCfg = Release|iPhoneSimulator
		{56B556EA-216C-4FB4-9140-6B4FC98EDD89}.Release|x86.Build.0 = Release|iPhoneSimulator
		{3B830FE0-EFB1-4654-AD99-A639BD4FD20D}.Debug|Any CPU.ActiveCfg = Debug|Any CPU
		{3B830FE0-EFB1-4654-AD99-A639BD4FD20D}.Debug|Any CPU.Build.0 = Debug|Any CPU
		{3B830FE0-EFB1-4654-AD99-A639BD4FD20D}.Debug|ARM.ActiveCfg = Debug|Any CPU
		{3B830FE0-EFB1-4654-AD99-A639BD4FD20D}.Debug|ARM.Build.0 = Debug|Any CPU
		{3B830FE0-EFB1-4654-AD99-A639BD4FD20D}.Debug|iPhone.ActiveCfg = Debug|Any CPU
		{3B830FE0-EFB1-4654-AD99-A639BD4FD20D}.Debug|iPhone.Build.0 = Debug|Any CPU
		{3B830FE0-EFB1-4654-AD99-A639BD4FD20D}.Debug|iPhoneSimulator.ActiveCfg = Debug|Any CPU
		{3B830FE0-EFB1-4654-AD99-A639BD4FD20D}.Debug|iPhoneSimulator.Build.0 = Debug|Any CPU
		{3B830FE0-EFB1-4654-AD99-A639BD4FD20D}.Debug|x64.ActiveCfg = Debug|Any CPU
		{3B830FE0-EFB1-4654-AD99-A639BD4FD20D}.Debug|x64.Build.0 = Debug|Any CPU
		{3B830FE0-EFB1-4654-AD99-A639BD4FD20D}.Debug|x86.ActiveCfg = Debug|Any CPU
		{3B830FE0-EFB1-4654-AD99-A639BD4FD20D}.Debug|x86.Build.0 = Debug|Any CPU
		{3B830FE0-EFB1-4654-AD99-A639BD4FD20D}.Release|Any CPU.ActiveCfg = Release|Any CPU
		{3B830FE0-EFB1-4654-AD99-A639BD4FD20D}.Release|Any CPU.Build.0 = Release|Any CPU
		{3B830FE0-EFB1-4654-AD99-A639BD4FD20D}.Release|ARM.ActiveCfg = Release|Any CPU
		{3B830FE0-EFB1-4654-AD99-A639BD4FD20D}.Release|ARM.Build.0 = Release|Any CPU
		{3B830FE0-EFB1-4654-AD99-A639BD4FD20D}.Release|iPhone.ActiveCfg = Release|Any CPU
		{3B830FE0-EFB1-4654-AD99-A639BD4FD20D}.Release|iPhone.Build.0 = Release|Any CPU
		{3B830FE0-EFB1-4654-AD99-A639BD4FD20D}.Release|iPhoneSimulator.ActiveCfg = Release|Any CPU
		{3B830FE0-EFB1-4654-AD99-A639BD4FD20D}.Release|iPhoneSimulator.Build.0 = Release|Any CPU
		{3B830FE0-EFB1-4654-AD99-A639BD4FD20D}.Release|x64.ActiveCfg = Release|Any CPU
		{3B830FE0-EFB1-4654-AD99-A639BD4FD20D}.Release|x64.Build.0 = Release|Any CPU
		{3B830FE0-EFB1-4654-AD99-A639BD4FD20D}.Release|x86.ActiveCfg = Release|Any CPU
		{3B830FE0-EFB1-4654-AD99-A639BD4FD20D}.Release|x86.Build.0 = Release|Any CPU
		{CF8FF202-867C-4CD5-B52D-61A1C0967B40}.Debug|Any CPU.ActiveCfg = Debug|Any CPU
		{CF8FF202-867C-4CD5-B52D-61A1C0967B40}.Debug|Any CPU.Build.0 = Debug|Any CPU
		{CF8FF202-867C-4CD5-B52D-61A1C0967B40}.Debug|ARM.ActiveCfg = Debug|Any CPU
		{CF8FF202-867C-4CD5-B52D-61A1C0967B40}.Debug|ARM.Build.0 = Debug|Any CPU
		{CF8FF202-867C-4CD5-B52D-61A1C0967B40}.Debug|iPhone.ActiveCfg = Debug|Any CPU
		{CF8FF202-867C-4CD5-B52D-61A1C0967B40}.Debug|iPhone.Build.0 = Debug|Any CPU
		{CF8FF202-867C-4CD5-B52D-61A1C0967B40}.Debug|iPhoneSimulator.ActiveCfg = Debug|Any CPU
		{CF8FF202-867C-4CD5-B52D-61A1C0967B40}.Debug|iPhoneSimulator.Build.0 = Debug|Any CPU
		{CF8FF202-867C-4CD5-B52D-61A1C0967B40}.Debug|x64.ActiveCfg = Debug|Any CPU
		{CF8FF202-867C-4CD5-B52D-61A1C0967B40}.Debug|x64.Build.0 = Debug|Any CPU
		{CF8FF202-867C-4CD5-B52D-61A1C0967B40}.Debug|x86.ActiveCfg = Debug|Any CPU
		{CF8FF202-867C-4CD5-B52D-61A1C0967B40}.Debug|x86.Build.0 = Debug|Any CPU
		{CF8FF202-867C-4CD5-B52D-61A1C0967B40}.Release|Any CPU.ActiveCfg = Release|Any CPU
		{CF8FF202-867C-4CD5-B52D-61A1C0967B40}.Release|Any CPU.Build.0 = Release|Any CPU
		{CF8FF202-867C-4CD5-B52D-61A1C0967B40}.Release|ARM.ActiveCfg = Release|Any CPU
		{CF8FF202-867C-4CD5-B52D-61A1C0967B40}.Release|ARM.Build.0 = Release|Any CPU
		{CF8FF202-867C-4CD5-B52D-61A1C0967B40}.Release|iPhone.ActiveCfg = Release|Any CPU
		{CF8FF202-867C-4CD5-B52D-61A1C0967B40}.Release|iPhone.Build.0 = Release|Any CPU
		{CF8FF202-867C-4CD5-B52D-61A1C0967B40}.Release|iPhoneSimulator.ActiveCfg = Release|Any CPU
		{CF8FF202-867C-4CD5-B52D-61A1C0967B40}.Release|iPhoneSimulator.Build.0 = Release|Any CPU
		{CF8FF202-867C-4CD5-B52D-61A1C0967B40}.Release|x64.ActiveCfg = Release|Any CPU
		{CF8FF202-867C-4CD5-B52D-61A1C0967B40}.Release|x64.Build.0 = Release|Any CPU
		{CF8FF202-867C-4CD5-B52D-61A1C0967B40}.Release|x86.ActiveCfg = Release|Any CPU
		{CF8FF202-867C-4CD5-B52D-61A1C0967B40}.Release|x86.Build.0 = Release|Any CPU
		{31D9AC8F-4D81-41E5-9E93-D3CF534429A3}.Debug|Any CPU.ActiveCfg = Debug|Any CPU
		{31D9AC8F-4D81-41E5-9E93-D3CF534429A3}.Debug|Any CPU.Build.0 = Debug|Any CPU
		{31D9AC8F-4D81-41E5-9E93-D3CF534429A3}.Debug|ARM.ActiveCfg = Debug|Any CPU
		{31D9AC8F-4D81-41E5-9E93-D3CF534429A3}.Debug|ARM.Build.0 = Debug|Any CPU
		{31D9AC8F-4D81-41E5-9E93-D3CF534429A3}.Debug|iPhone.ActiveCfg = Debug|Any CPU
		{31D9AC8F-4D81-41E5-9E93-D3CF534429A3}.Debug|iPhone.Build.0 = Debug|Any CPU
		{31D9AC8F-4D81-41E5-9E93-D3CF534429A3}.Debug|iPhoneSimulator.ActiveCfg = Debug|Any CPU
		{31D9AC8F-4D81-41E5-9E93-D3CF534429A3}.Debug|iPhoneSimulator.Build.0 = Debug|Any CPU
		{31D9AC8F-4D81-41E5-9E93-D3CF534429A3}.Debug|x64.ActiveCfg = Debug|Any CPU
		{31D9AC8F-4D81-41E5-9E93-D3CF534429A3}.Debug|x64.Build.0 = Debug|Any CPU
		{31D9AC8F-4D81-41E5-9E93-D3CF534429A3}.Debug|x86.ActiveCfg = Debug|Any CPU
		{31D9AC8F-4D81-41E5-9E93-D3CF534429A3}.Debug|x86.Build.0 = Debug|Any CPU
		{31D9AC8F-4D81-41E5-9E93-D3CF534429A3}.Release|Any CPU.ActiveCfg = Release|Any CPU
		{31D9AC8F-4D81-41E5-9E93-D3CF534429A3}.Release|Any CPU.Build.0 = Release|Any CPU
		{31D9AC8F-4D81-41E5-9E93-D3CF534429A3}.Release|ARM.ActiveCfg = Release|Any CPU
		{31D9AC8F-4D81-41E5-9E93-D3CF534429A3}.Release|ARM.Build.0 = Release|Any CPU
		{31D9AC8F-4D81-41E5-9E93-D3CF534429A3}.Release|iPhone.ActiveCfg = Release|Any CPU
		{31D9AC8F-4D81-41E5-9E93-D3CF534429A3}.Release|iPhone.Build.0 = Release|Any CPU
		{31D9AC8F-4D81-41E5-9E93-D3CF534429A3}.Release|iPhoneSimulator.ActiveCfg = Release|Any CPU
		{31D9AC8F-4D81-41E5-9E93-D3CF534429A3}.Release|iPhoneSimulator.Build.0 = Release|Any CPU
		{31D9AC8F-4D81-41E5-9E93-D3CF534429A3}.Release|x64.ActiveCfg = Release|Any CPU
		{31D9AC8F-4D81-41E5-9E93-D3CF534429A3}.Release|x64.Build.0 = Release|Any CPU
		{31D9AC8F-4D81-41E5-9E93-D3CF534429A3}.Release|x86.ActiveCfg = Release|Any CPU
		{31D9AC8F-4D81-41E5-9E93-D3CF534429A3}.Release|x86.Build.0 = Release|Any CPU
	EndGlobalSection
	GlobalSection(SolutionProperties) = preSolution
		HideSolutionNode = FALSE
	EndGlobalSection
	GlobalSection(ExtensibilityGlobals) = postSolution
		SolutionGuid = {5A66552B-23C8-4B81-85E2-91EAC8B018CD}
	EndGlobalSection
EndGlobal
