
Microsoft Visual Studio Solution File, Format Version 12.00
# Visual Studio Version 17
VisualStudioVersion = 17.7.34202.233
MinimumVisualStudioVersion = 10.0.40219.1
Project("{9A19103F-16F7-4668-BE54-9A1E7A4F7556}") = "Lokata.DesktopUI", "DesktopUI\Lokata.DesktopUI.csproj", "{1E0DCCE6-72F6-4E06-A920-3CBF541041D8}"
EndProject
Project("{9A19103F-16F7-4668-BE54-9A1E7A4F7556}") = "Lokata.Domain", "Lokata.Domain\Lokata.Domain.csproj", "{09CBE9D3-2B2E-4920-832F-BF92DE09C433}"
EndProject
Project("{FAE04EC0-301F-11D3-BF4B-00C04F79EFBC}") = "Lokata.DataAccess", "Lokata.DataAccess\Lokata.DataAccess.csproj", "{67ACA893-5EAC-4049-9DA5-CF4DEFC8924C}"
EndProject
Project("{FAE04EC0-301F-11D3-BF4B-00C04F79EFBC}") = "Lokata.Web", "Lokata.Web\Lokata.Web.csproj", "{36507DED-0336-4194-B7DF-3A740D36223B}"
EndProject
Project("{FAE04EC0-301F-11D3-BF4B-00C04F79EFBC}") = "Lokata.WebApi", "Lokata.WebApi\Lokata.WebApi.csproj", "{D7C27DA0-1133-4572-8217-43F5130222E7}"
EndProject
Global
	GlobalSection(SolutionConfigurationPlatforms) = preSolution
		Debug|Any CPU = Debug|Any CPU
		Release|Any CPU = Release|Any CPU
	EndGlobalSection
	GlobalSection(ProjectConfigurationPlatforms) = postSolution
		{1E0DCCE6-72F6-4E06-A920-3CBF541041D8}.Debug|Any CPU.ActiveCfg = Debug|Any CPU
		{1E0DCCE6-72F6-4E06-A920-3CBF541041D8}.Debug|Any CPU.Build.0 = Debug|Any CPU
		{1E0DCCE6-72F6-4E06-A920-3CBF541041D8}.Release|Any CPU.ActiveCfg = Release|Any CPU
		{1E0DCCE6-72F6-4E06-A920-3CBF541041D8}.Release|Any CPU.Build.0 = Release|Any CPU
		{09CBE9D3-2B2E-4920-832F-BF92DE09C433}.Debug|Any CPU.ActiveCfg = Debug|Any CPU
		{09CBE9D3-2B2E-4920-832F-BF92DE09C433}.Debug|Any CPU.Build.0 = Debug|Any CPU
		{09CBE9D3-2B2E-4920-832F-BF92DE09C433}.Release|Any CPU.ActiveCfg = Release|Any CPU
		{09CBE9D3-2B2E-4920-832F-BF92DE09C433}.Release|Any CPU.Build.0 = Release|Any CPU
		{67ACA893-5EAC-4049-9DA5-CF4DEFC8924C}.Debug|Any CPU.ActiveCfg = Debug|Any CPU
		{67ACA893-5EAC-4049-9DA5-CF4DEFC8924C}.Debug|Any CPU.Build.0 = Debug|Any CPU
		{67ACA893-5EAC-4049-9DA5-CF4DEFC8924C}.Release|Any CPU.ActiveCfg = Release|Any CPU
		{67ACA893-5EAC-4049-9DA5-CF4DEFC8924C}.Release|Any CPU.Build.0 = Release|Any CPU
		{36507DED-0336-4194-B7DF-3A740D36223B}.Debug|Any CPU.ActiveCfg = Debug|Any CPU
		{36507DED-0336-4194-B7DF-3A740D36223B}.Debug|Any CPU.Build.0 = Debug|Any CPU
		{36507DED-0336-4194-B7DF-3A740D36223B}.Release|Any CPU.ActiveCfg = Release|Any CPU
		{36507DED-0336-4194-B7DF-3A740D36223B}.Release|Any CPU.Build.0 = Release|Any CPU
		{D7C27DA0-1133-4572-8217-43F5130222E7}.Debug|Any CPU.ActiveCfg = Debug|Any CPU
		{D7C27DA0-1133-4572-8217-43F5130222E7}.Debug|Any CPU.Build.0 = Debug|Any CPU
		{D7C27DA0-1133-4572-8217-43F5130222E7}.Release|Any CPU.ActiveCfg = Release|Any CPU
		{D7C27DA0-1133-4572-8217-43F5130222E7}.Release|Any CPU.Build.0 = Release|Any CPU
	EndGlobalSection
	GlobalSection(SolutionProperties) = preSolution
		HideSolutionNode = FALSE
	EndGlobalSection
	GlobalSection(ExtensibilityGlobals) = postSolution
		SolutionGuid = {5A66552B-23C8-4B81-85E2-91EAC8B018CD}
	EndGlobalSection
EndGlobal
